
Microsoft Visual Studio Solution File, Format Version 12.00
# Visual Studio 15
VisualStudioVersion = 15.0.26730.16
MinimumVisualStudioVersion = 10.0.40219.1
Project("{FAE04EC0-301F-11D3-BF4B-00C04F79EFBC}") = "ASP_NET_Core_2_0", "ASP_NET_Core_2_0\ASP_NET_Core_2_0.csproj", "{B8681F74-DF71-450F-8F5B-574E9DCED631}"
EndProject
Global
	GlobalSection(SolutionConfigurationPlatforms) = preSolution
		Debug|Any CPU = Debug|Any CPU
		Release|Any CPU = Release|Any CPU
	EndGlobalSection
	GlobalSection(ProjectConfigurationPlatforms) = postSolution
		{B8681F74-DF71-450F-8F5B-574E9DCED631}.Debug|Any CPU.ActiveCfg = Debug|Any CPU
		{B8681F74-DF71-450F-8F5B-574E9DCED631}.Debug|Any CPU.Build.0 = Debug|Any CPU
		{B8681F74-DF71-450F-8F5B-574E9DCED631}.Release|Any CPU.ActiveCfg = Release|Any CPU
		{B8681F74-DF71-450F-8F5B-574E9DCED631}.Release|Any CPU.Build.0 = Release|Any CPU
	EndGlobalSection
	GlobalSection(SolutionProperties) = preSolution
		HideSolutionNode = FALSE
	EndGlobalSection
	GlobalSection(ExtensibilityGlobals) = postSolution
		SolutionGuid = {B977A18F-8D82-4B8D-961B-63660F58CA5A}
	EndGlobalSection
EndGlobal
